// !$*UTF8*$!
{
	archiveVersion = 1;
	classes = {
	};
	objectVersion = 50;
	objects = {

/* Begin PBXBuildFile section */
		420611BC2492CD5F001A2650 /* GameCamera.swift in Sources */ = {isa = PBXBuildFile; fileRef = 420611BB2492CD5F001A2650 /* GameCamera.swift */; };
		424DCBAE24C8F744008C132B /* Block.swift in Sources */ = {isa = PBXBuildFile; fileRef = 424DCBAD24C8F744008C132B /* Block.swift */; };
		42660B9224B542730046E2BE /* Bird.swift in Sources */ = {isa = PBXBuildFile; fileRef = 42660B9124B542730046E2BE /* Bird.swift */; };
		42F180B324A2B46F008C78C1 /* Configuration.swift in Sources */ = {isa = PBXBuildFile; fileRef = 42F180B224A2B46F008C78C1 /* Configuration.swift */; };
		42FCFD7524901A7D0051E408 /* AppDelegate.swift in Sources */ = {isa = PBXBuildFile; fileRef = 42FCFD7424901A7D0051E408 /* AppDelegate.swift */; };
		42FCFD7724901A7D0051E408 /* GameScene.sks in Resources */ = {isa = PBXBuildFile; fileRef = 42FCFD7624901A7D0051E408 /* GameScene.sks */; };
		42FCFD7B24901A7D0051E408 /* GameScene.swift in Sources */ = {isa = PBXBuildFile; fileRef = 42FCFD7A24901A7D0051E408 /* GameScene.swift */; };
		42FCFD7D24901A7D0051E408 /* GameViewController.swift in Sources */ = {isa = PBXBuildFile; fileRef = 42FCFD7C24901A7D0051E408 /* GameViewController.swift */; };
		42FCFD8024901A7D0051E408 /* Main.storyboard in Resources */ = {isa = PBXBuildFile; fileRef = 42FCFD7E24901A7D0051E408 /* Main.storyboard */; };
		42FCFD8224901A800051E408 /* Assets.xcassets in Resources */ = {isa = PBXBuildFile; fileRef = 42FCFD8124901A800051E408 /* Assets.xcassets */; };
		42FCFD8524901A800051E408 /* LaunchScreen.storyboard in Resources */ = {isa = PBXBuildFile; fileRef = 42FCFD8324901A800051E408 /* LaunchScreen.storyboard */; };
		42FCFD8D24901DB80051E408 /* BirdTileSet.sks in Resources */ = {isa = PBXBuildFile; fileRef = 42FCFD8C24901DB80051E408 /* BirdTileSet.sks */; };
/* End PBXBuildFile section */

/* Begin PBXFileReference section */
		420611BB2492CD5F001A2650 /* GameCamera.swift */ = {isa = PBXFileReference; lastKnownFileType = sourcecode.swift; path = GameCamera.swift; sourceTree = "<group>"; };
		424DCBAD24C8F744008C132B /* Block.swift */ = {isa = PBXFileReference; lastKnownFileType = sourcecode.swift; path = Block.swift; sourceTree = "<group>"; };
		42660B9124B542730046E2BE /* Bird.swift */ = {isa = PBXFileReference; lastKnownFileType = sourcecode.swift; path = Bird.swift; sourceTree = "<group>"; };
		42F180B224A2B46F008C78C1 /* Configuration.swift */ = {isa = PBXFileReference; lastKnownFileType = sourcecode.swift; path = Configuration.swift; sourceTree = "<group>"; };
		42FCFD7124901A7D0051E408 /* Birds.app */ = {isa = PBXFileReference; explicitFileType = wrapper.application; includeInIndex = 0; path = Birds.app; sourceTree = BUILT_PRODUCTS_DIR; };
		42FCFD7424901A7D0051E408 /* AppDelegate.swift */ = {isa = PBXFileReference; lastKnownFileType = sourcecode.swift; path = AppDelegate.swift; sourceTree = "<group>"; };
		42FCFD7624901A7D0051E408 /* GameScene.sks */ = {isa = PBXFileReference; lastKnownFileType = file.sks; path = GameScene.sks; sourceTree = "<group>"; };
		42FCFD7A24901A7D0051E408 /* GameScene.swift */ = {isa = PBXFileReference; lastKnownFileType = sourcecode.swift; path = GameScene.swift; sourceTree = "<group>"; };
		42FCFD7C24901A7D0051E408 /* GameViewController.swift */ = {isa = PBXFileReference; lastKnownFileType = sourcecode.swift; path = GameViewController.swift; sourceTree = "<group>"; };
		42FCFD7F24901A7D0051E408 /* Base */ = {isa = PBXFileReference; lastKnownFileType = file.storyboard; name = Base; path = Base.lproj/Main.storyboard; sourceTree = "<group>"; };
		42FCFD8124901A800051E408 /* Assets.xcassets */ = {isa = PBXFileReference; lastKnownFileType = folder.assetcatalog; path = Assets.xcassets; sourceTree = "<group>"; };
		42FCFD8424901A800051E408 /* Base */ = {isa = PBXFileReference; lastKnownFileType = file.storyboard; name = Base; path = Base.lproj/LaunchScreen.storyboard; sourceTree = "<group>"; };
		42FCFD8624901A800051E408 /* Info.plist */ = {isa = PBXFileReference; lastKnownFileType = text.plist.xml; path = Info.plist; sourceTree = "<group>"; };
		42FCFD8C24901DB80051E408 /* BirdTileSet.sks */ = {isa = PBXFileReference; lastKnownFileType = file.sks; path = BirdTileSet.sks; sourceTree = "<group>"; };
/* End PBXFileReference section */

/* Begin PBXFrameworksBuildPhase section */
		42FCFD6E24901A7D0051E408 /* Frameworks */ = {
			isa = PBXFrameworksBuildPhase;
			buildActionMask = 2147483647;
			files = (
			);
			runOnlyForDeploymentPostprocessing = 0;
		};
/* End PBXFrameworksBuildPhase section */

/* Begin PBXGroup section */
		420611BA2492CD36001A2650 /* Custom Nodes */ = {
			isa = PBXGroup;
			children = (
				420611BB2492CD5F001A2650 /* GameCamera.swift */,
				42660B9124B542730046E2BE /* Bird.swift */,
				424DCBAD24C8F744008C132B /* Block.swift */,
			);
			path = "Custom Nodes";
			sourceTree = "<group>";
		};
		42FCFD6824901A7D0051E408 = {
			isa = PBXGroup;
			children = (
				42FCFD7324901A7D0051E408 /* Birds */,
				42FCFD7224901A7D0051E408 /* Products */,
			);
			sourceTree = "<group>";
		};
		42FCFD7224901A7D0051E408 /* Products */ = {
			isa = PBXGroup;
			children = (
				42FCFD7124901A7D0051E408 /* Birds.app */,
			);
			name = Products;
			sourceTree = "<group>";
		};
		42FCFD7324901A7D0051E408 /* Birds */ = {
			isa = PBXGroup;
			children = (
				420611BA2492CD36001A2650 /* Custom Nodes */,
				42FCFD94249022CD0051E408 /* TileSets */,
				42FCFD932490223E0051E408 /* Template */,
				42FCFD92249022350051E408 /* ViewController */,
				42FCFD91249021CB0051E408 /* Scenes */,
				42FCFD8E249021B00051E408 /* UI */,
			);
			path = Birds;
			sourceTree = "<group>";
		};
		42FCFD8E249021B00051E408 /* UI */ = {
			isa = PBXGroup;
			children = (
				42FCFD7E24901A7D0051E408 /* Main.storyboard */,
				42FCFD8124901A800051E408 /* Assets.xcassets */,
				42FCFD8324901A800051E408 /* LaunchScreen.storyboard */,
			);
			path = UI;
			sourceTree = "<group>";
		};
		42FCFD91249021CB0051E408 /* Scenes */ = {
			isa = PBXGroup;
			children = (
				42FCFD7624901A7D0051E408 /* GameScene.sks */,
				42FCFD7A24901A7D0051E408 /* GameScene.swift */,
			);
			path = Scenes;
			sourceTree = "<group>";
		};
		42FCFD92249022350051E408 /* ViewController */ = {
			isa = PBXGroup;
			children = (
				42FCFD7C24901A7D0051E408 /* GameViewController.swift */,
			);
			name = ViewController;
			sourceTree = "<group>";
		};
		42FCFD932490223E0051E408 /* Template */ = {
			isa = PBXGroup;
			children = (
				42FCFD7424901A7D0051E408 /* AppDelegate.swift */,
				42FCFD8624901A800051E408 /* Info.plist */,
				42F180B224A2B46F008C78C1 /* Configuration.swift */,
			);
			name = Template;
			sourceTree = "<group>";
		};
		42FCFD94249022CD0051E408 /* TileSets */ = {
			isa = PBXGroup;
			children = (
				42FCFD8C24901DB80051E408 /* BirdTileSet.sks */,
			);
			path = TileSets;
			sourceTree = "<group>";
		};
/* End PBXGroup section */

/* Begin PBXNativeTarget section */
		42FCFD7024901A7D0051E408 /* Birds */ = {
			isa = PBXNativeTarget;
			buildConfigurationList = 42FCFD8924901A800051E408 /* Build configuration list for PBXNativeTarget "Birds" */;
			buildPhases = (
				42FCFD6D24901A7D0051E408 /* Sources */,
				42FCFD6E24901A7D0051E408 /* Frameworks */,
				42FCFD6F24901A7D0051E408 /* Resources */,
			);
			buildRules = (
			);
			dependencies = (
			);
			name = Birds;
			productName = Birds;
			productReference = 42FCFD7124901A7D0051E408 /* Birds.app */;
			productType = "com.apple.product-type.application";
		};
/* End PBXNativeTarget section */

/* Begin PBXProject section */
		42FCFD6924901A7D0051E408 /* Project object */ = {
			isa = PBXProject;
			attributes = {
				LastSwiftUpdateCheck = 1140;
				LastUpgradeCheck = 1140;
				ORGANIZATIONNAME = "Thomas Cacciatore";
				TargetAttributes = {
					42FCFD7024901A7D0051E408 = {
						CreatedOnToolsVersion = 11.4;
					};
				};
			};
			buildConfigurationList = 42FCFD6C24901A7D0051E408 /* Build configuration list for PBXProject "Birds" */;
			compatibilityVersion = "Xcode 9.3";
			developmentRegion = en;
			hasScannedForEncodings = 0;
			knownRegions = (
				en,
				Base,
			);
			mainGroup = 42FCFD6824901A7D0051E408;
			productRefGroup = 42FCFD7224901A7D0051E408 /* Products */;
			projectDirPath = "";
			projectRoot = "";
			targets = (
				42FCFD7024901A7D0051E408 /* Birds */,
			);
		};
/* End PBXProject section */

/* Begin PBXResourcesBuildPhase section */
		42FCFD6F24901A7D0051E408 /* Resources */ = {
			isa = PBXResourcesBuildPhase;
			buildActionMask = 2147483647;
			files = (
				42FCFD8D24901DB80051E408 /* BirdTileSet.sks in Resources */,
				42FCFD8024901A7D0051E408 /* Main.storyboard in Resources */,
				42FCFD7724901A7D0051E408 /* GameScene.sks in Resources */,
				42FCFD8224901A800051E408 /* Assets.xcassets in Resources */,
				42FCFD8524901A800051E408 /* LaunchScreen.storyboard in Resources */,
			);
			runOnlyForDeploymentPostprocessing = 0;
		};
/* End PBXResourcesBuildPhase section */

/* Begin PBXSourcesBuildPhase section */
		42FCFD6D24901A7D0051E408 /* Sources */ = {
			isa = PBXSourcesBuildPhase;
			buildActionMask = 2147483647;
			files = (
				42FCFD7B24901A7D0051E408 /* GameScene.swift in Sources */,
				424DCBAE24C8F744008C132B /* Block.swift in Sources */,
				42F180B324A2B46F008C78C1 /* Configuration.swift in Sources */,
				42FCFD7D24901A7D0051E408 /* GameViewController.swift in Sources */,
				420611BC2492CD5F001A2650 /* GameCamera.swift in Sources */,
				42660B9224B542730046E2BE /* Bird.swift in Sources */,
				42FCFD7524901A7D0051E408 /* AppDelegate.swift in Sources */,
			);
			runOnlyForDeploymentPostprocessing = 0;
		};
/* End PBXSourcesBuildPhase section */

/* Begin PBXVariantGroup section */
		42FCFD7E24901A7D0051E408 /* Main.storyboard */ = {
			isa = PBXVariantGroup;
			children = (
				42FCFD7F24901A7D0051E408 /* Base */,
			);
			name = Main.storyboard;
			sourceTree = "<group>";
		};
		42FCFD8324901A800051E408 /* LaunchScreen.storyboard */ = {
			isa = PBXVariantGroup;
			children = (
				42FCFD8424901A800051E408 /* Base */,
			);
			name = LaunchScreen.storyboard;
			sourceTree = "<group>";
		};
/* End PBXVariantGroup section */

/* Begin XCBuildConfiguration section */
		42FCFD8724901A800051E408 /* Debug */ = {
			isa = XCBuildConfiguration;
			buildSettings = {
				ALWAYS_SEARCH_USER_PATHS = NO;
				CLANG_ANALYZER_NONNULL = YES;
				CLANG_ANALYZER_NUMBER_OBJECT_CONVERSION = YES_AGGRESSIVE;
				CLANG_CXX_LANGUAGE_STANDARD = "gnu++14";
				CLANG_CXX_LIBRARY = "libc++";
				CLANG_ENABLE_MODULES = YES;
				CLANG_ENABLE_OBJC_ARC = YES;
				CLANG_ENABLE_OBJC_WEAK = YES;
				CLANG_WARN_BLOCK_CAPTURE_AUTORELEASING = YES;
				CLANG_WARN_BOOL_CONVERSION = YES;
				CLANG_WARN_COMMA = YES;
				CLANG_WARN_CONSTANT_CONVERSION = YES;
				CLANG_WARN_DEPRECATED_OBJC_IMPLEMENTATIONS = YES;
				CLANG_WARN_DIRECT_OBJC_ISA_USAGE = YES_ERROR;
				CLANG_WARN_DOCUMENTATION_COMMENTS = YES;
				CLANG_WARN_EMPTY_BODY = YES;
				CLANG_WARN_ENUM_CONVERSION = YES;
				CLANG_WARN_INFINITE_RECURSION = YES;
				CLANG_WARN_INT_CONVERSION = YES;
				CLANG_WARN_NON_LITERAL_NULL_CONVERSION = YES;
				CLANG_WARN_OBJC_IMPLICIT_RETAIN_SELF = YES;
				CLANG_WARN_OBJC_LITERAL_CONVERSION = YES;
				CLANG_WARN_OBJC_ROOT_CLASS = YES_ERROR;
				CLANG_WARN_RANGE_LOOP_ANALYSIS = YES;
				CLANG_WARN_STRICT_PROTOTYPES = YES;
				CLANG_WARN_SUSPICIOUS_MOVE = YES;
				CLANG_WARN_UNGUARDED_AVAILABILITY = YES_AGGRESSIVE;
				CLANG_WARN_UNREACHABLE_CODE = YES;
				CLANG_WARN__DUPLICATE_METHOD_MATCH = YES;
				COPY_PHASE_STRIP = NO;
				DEBUG_INFORMATION_FORMAT = dwarf;
				ENABLE_STRICT_OBJC_MSGSEND = YES;
				ENABLE_TESTABILITY = YES;
				GCC_C_LANGUAGE_STANDARD = gnu11;
				GCC_DYNAMIC_NO_PIC = NO;
				GCC_NO_COMMON_BLOCKS = YES;
				GCC_OPTIMIZATION_LEVEL = 0;
				GCC_PREPROCESSOR_DEFINITIONS = (
					"DEBUG=1",
					"$(inherited)",
				);
				GCC_WARN_64_TO_32_BIT_CONVERSION = YES;
				GCC_WARN_ABOUT_RETURN_TYPE = YES_ERROR;
				GCC_WARN_UNDECLARED_SELECTOR = YES;
				GCC_WARN_UNINITIALIZED_AUTOS = YES_AGGRESSIVE;
				GCC_WARN_UNUSED_FUNCTION = YES;
				GCC_WARN_UNUSED_VARIABLE = YES;
				IPHONEOS_DEPLOYMENT_TARGET = 13.6;
				MTL_ENABLE_DEBUG_INFO = INCLUDE_SOURCE;
				MTL_FAST_MATH = YES;
				ONLY_ACTIVE_ARCH = YES;
				SDKROOT = iphoneos;
				SWIFT_ACTIVE_COMPILATION_CONDITIONS = DEBUG;
				SWIFT_OPTIMIZATION_LEVEL = "-Onone";
			};
			name = Debug;
		};
		42FCFD8824901A800051E408 /* Release */ = {
			isa = XCBuildConfiguration;
			buildSettings = {
				ALWAYS_SEARCH_USER_PATHS = NO;
				CLANG_ANALYZER_NONNULL = YES;
				CLANG_ANALYZER_NUMBER_OBJECT_CONVERSION = YES_AGGRESSIVE;
				CLANG_CXX_LANGUAGE_STANDARD = "gnu++14";
				CLANG_CXX_LIBRARY = "libc++";
				CLANG_ENABLE_MODULES = YES;
				CLANG_ENABLE_OBJC_ARC = YES;
				CLANG_ENABLE_OBJC_WEAK = YES;
				CLANG_WARN_BLOCK_CAPTURE_AUTORELEASING = YES;
				CLANG_WARN_BOOL_CONVERSION = YES;
				CLANG_WARN_COMMA = YES;
				CLANG_WARN_CONSTANT_CONVERSION = YES;
				CLANG_WARN_DEPRECATED_OBJC_IMPLEMENTATIONS = YES;
				CLANG_WARN_DIRECT_OBJC_ISA_USAGE = YES_ERROR;
				CLANG_WARN_DOCUMENTATION_COMMENTS = YES;
				CLANG_WARN_EMPTY_BODY = YES;
				CLANG_WARN_ENUM_CONVERSION = YES;
				CLANG_WARN_INFINITE_RECURSION = YES;
				CLANG_WARN_INT_CONVERSION = YES;
				CLANG_WARN_NON_LITERAL_NULL_CONVERSION = YES;
				CLANG_WARN_OBJC_IMPLICIT_RETAIN_SELF = YES;
				CLANG_WARN_OBJC_LITERAL_CONVERSION = YES;
				CLANG_WARN_OBJC_ROOT_CLASS = YES_ERROR;
				CLANG_WARN_RANGE_LOOP_ANALYSIS = YES;
				CLANG_WARN_STRICT_PROTOTYPES = YES;
				CLANG_WARN_SUSPICIOUS_MOVE = YES;
				CLANG_WARN_UNGUARDED_AVAILABILITY = YES_AGGRESSIVE;
				CLANG_WARN_UNREACHABLE_CODE = YES;
				CLANG_WARN__DUPLICATE_METHOD_MATCH = YES;
				COPY_PHASE_STRIP = NO;
				DEBUG_INFORMATION_FORMAT = "dwarf-with-dsym";
				ENABLE_NS_ASSERTIONS = NO;
				ENABLE_STRICT_OBJC_MSGSEND = YES;
				GCC_C_LANGUAGE_STANDARD = gnu11;
				GCC_NO_COMMON_BLOCKS = YES;
				GCC_WARN_64_TO_32_BIT_CONVERSION = YES;
				GCC_WARN_ABOUT_RETURN_TYPE = YES_ERROR;
				GCC_WARN_UNDECLARED_SELECTOR = YES;
				GCC_WARN_UNINITIALIZED_AUTOS = YES_AGGRESSIVE;
				GCC_WARN_UNUSED_FUNCTION = YES;
				GCC_WARN_UNUSED_VARIABLE = YES;
				IPHONEOS_DEPLOYMENT_TARGET = 13.6;
				MTL_ENABLE_DEBUG_INFO = NO;
				MTL_FAST_MATH = YES;
				SDKROOT = iphoneos;
				SWIFT_COMPILATION_MODE = wholemodule;
				SWIFT_OPTIMIZATION_LEVEL = "-O";
				VALIDATE_PRODUCT = YES;
			};
			name = Release;
		};
		42FCFD8A24901A800051E408 /* Debug */ = {
			isa = XCBuildConfiguration;
			buildSettings = {
				ASSETCATALOG_COMPILER_APPICON_NAME = AppIcon;
				CODE_SIGN_STYLE = Automatic;
				DEVELOPMENT_TEAM = Z28289DGH6;
				INFOPLIST_FILE = Birds/Info.plist;
				LD_RUNPATH_SEARCH_PATHS = (
					"$(inherited)",
					"@executable_path/Frameworks",
				);
				PRODUCT_BUNDLE_IDENTIFIER = com.ThomasCacciatore.Birds;
				PRODUCT_NAME = "$(TARGET_NAME)";
				SWIFT_VERSION = 5.0;
				TARGETED_DEVICE_FAMILY = "1,2";
			};
			name = Debug;
		};
		42FCFD8B24901A800051E408 /* Release */ = {
			isa = XCBuildConfiguration;
			buildSettings = {
				ASSETCATALOG_COMPILER_APPICON_NAME = AppIcon;
				CODE_SIGN_STYLE = Automatic;
				DEVELOPMENT_TEAM = Z28289DGH6;
				INFOPLIST_FILE = Birds/Info.plist;
				LD_RUNPATH_SEARCH_PATHS = (
					"$(inherited)",
					"@executable_path/Frameworks",
				);
				PRODUCT_BUNDLE_IDENTIFIER = com.ThomasCacciatore.Birds;
				PRODUCT_NAME = "$(TARGET_NAME)";
				SWIFT_VERSION = 5.0;
				TARGETED_DEVICE_FAMILY = "1,2";
			};
			name = Release;
		};
/* End XCBuildConfiguration section */

/* Begin XCConfigurationList section */
		42FCFD6C24901A7D0051E408 /* Build configuration list for PBXProject "Birds" */ = {
			isa = XCConfigurationList;
			buildConfigurations = (
				42FCFD8724901A800051E408 /* Debug */,
				42FCFD8824901A800051E408 /* Release */,
			);
			defaultConfigurationIsVisible = 0;
			defaultConfigurationName = Release;
		};
		42FCFD8924901A800051E408 /* Build configuration list for PBXNativeTarget "Birds" */ = {
			isa = XCConfigurationList;
			buildConfigurations = (
				42FCFD8A24901A800051E408 /* Debug */,
				42FCFD8B24901A800051E408 /* Release */,
			);
			defaultConfigurationIsVisible = 0;
			defaultConfigurationName = Release;
		};
/* End XCConfigurationList section */
	};
	rootObject = 42FCFD6924901A7D0051E408 /* Project object */;
}
